
Microsoft Visual Studio Solution File, Format Version 12.00
# Visual Studio Version 17
VisualStudioVersion = 17.11.35312.102
MinimumVisualStudioVersion = 10.0.40219.1
Project("{9A19103F-16F7-4668-BE54-9A1E7A4F7556}") = "Model", "Model\Model.csproj", "{04F2154D-B3B9-443D-B6C3-97D0E4643361}"
EndProject
Project("{2150E333-8FDC-42A3-9474-1A3956D46DE8}") = "Core", "Core", "{8487B2BC-8BFF-4B08-8930-CD63FACCCCAE}"
EndProject
Project("{9A19103F-16F7-4668-BE54-9A1E7A4F7556}") = "DAL", "DAL\DAL.csproj", "{7FE68ABA-35C9-4370-A6AF-19E8D470BFFB}"
EndProject
Project("{2150E333-8FDC-42A3-9474-1A3956D46DE8}") = "Tests", "Tests", "{692649FF-B602-40C9-9448-B8AB091E964D}"
EndProject
Project("{9A19103F-16F7-4668-BE54-9A1E7A4F7556}") = "UnitTests", "UnitTests\UnitTests.csproj", "{C16F7545-FD07-4477-A302-DCF3B613DE59}"
EndProject
Project("{9A19103F-16F7-4668-BE54-9A1E7A4F7556}") = "BusinessLogic", "Services\BusinessLogic.csproj", "{F6AF2972-2265-447A-A183-B96C64784081}"
EndProject
Project("{2150E333-8FDC-42A3-9474-1A3956D46DE8}") = "Apps", "Apps", "{E0D3009C-9BEA-46F2-A47C-117C3F5C754B}"
EndProject
Project("{9A19103F-16F7-4668-BE54-9A1E7A4F7556}") = "Encryptarium.Auth", "Encryptarium.Auth\Encryptarium.Auth.csproj", "{EB57A0EE-9032-41A9-958B-F6D806BED2F7}"
EndProject
Project("{9A19103F-16F7-4668-BE54-9A1E7A4F7556}") = "Encryptarium.Access", "Encryptarium.Access\Encryptarium.Access.csproj", "{25F19257-B8B3-4211-A962-4795DA9E2638}"
EndProject
Project("{9A19103F-16F7-4668-BE54-9A1E7A4F7556}") = "Encryptarium.Storage", "Encryptarium.Storage\Encryptarium.Storage.csproj", "{3256688C-0D3E-4DBD-AB5F-8325538BAC2E}"
EndProject
Project("{9A19103F-16F7-4668-BE54-9A1E7A4F7556}") = "Encryptarium.Audit", "Encryptarium.Audit\Encryptarium.Audit.csproj", "{E46084D4-FB63-4496-9F27-9AB1DF6D318C}"
EndProject
Project("{FAE04EC0-301F-11D3-BF4B-00C04F79EFBC}") = "Encryptarium.Gateway", "Encryptarium.Gateway\Encryptarium.Gateway.csproj", "{8E50DCBA-039D-46CE-94EE-675997CE4DC3}"
EndProject
Global
	GlobalSection(SolutionConfigurationPlatforms) = preSolution
		Debug|Any CPU = Debug|Any CPU
		Release|Any CPU = Release|Any CPU
	EndGlobalSection
	GlobalSection(ProjectConfigurationPlatforms) = postSolution
		{04F2154D-B3B9-443D-B6C3-97D0E4643361}.Debug|Any CPU.ActiveCfg = Debug|Any CPU
		{04F2154D-B3B9-443D-B6C3-97D0E4643361}.Debug|Any CPU.Build.0 = Debug|Any CPU
		{04F2154D-B3B9-443D-B6C3-97D0E4643361}.Release|Any CPU.ActiveCfg = Release|Any CPU
		{04F2154D-B3B9-443D-B6C3-97D0E4643361}.Release|Any CPU.Build.0 = Release|Any CPU
		{7FE68ABA-35C9-4370-A6AF-19E8D470BFFB}.Debug|Any CPU.ActiveCfg = Debug|Any CPU
		{7FE68ABA-35C9-4370-A6AF-19E8D470BFFB}.Debug|Any CPU.Build.0 = Debug|Any CPU
		{7FE68ABA-35C9-4370-A6AF-19E8D470BFFB}.Release|Any CPU.ActiveCfg = Release|Any CPU
		{7FE68ABA-35C9-4370-A6AF-19E8D470BFFB}.Release|Any CPU.Build.0 = Release|Any CPU
		{C16F7545-FD07-4477-A302-DCF3B613DE59}.Debug|Any CPU.ActiveCfg = Debug|Any CPU
		{C16F7545-FD07-4477-A302-DCF3B613DE59}.Debug|Any CPU.Build.0 = Debug|Any CPU
		{C16F7545-FD07-4477-A302-DCF3B613DE59}.Release|Any CPU.ActiveCfg = Release|Any CPU
		{C16F7545-FD07-4477-A302-DCF3B613DE59}.Release|Any CPU.Build.0 = Release|Any CPU
		{F6AF2972-2265-447A-A183-B96C64784081}.Debug|Any CPU.ActiveCfg = Debug|Any CPU
		{F6AF2972-2265-447A-A183-B96C64784081}.Debug|Any CPU.Build.0 = Debug|Any CPU
		{F6AF2972-2265-447A-A183-B96C64784081}.Release|Any CPU.ActiveCfg = Release|Any CPU
		{F6AF2972-2265-447A-A183-B96C64784081}.Release|Any CPU.Build.0 = Release|Any CPU
		{EB57A0EE-9032-41A9-958B-F6D806BED2F7}.Debug|Any CPU.ActiveCfg = Debug|Any CPU
		{EB57A0EE-9032-41A9-958B-F6D806BED2F7}.Debug|Any CPU.Build.0 = Debug|Any CPU
		{EB57A0EE-9032-41A9-958B-F6D806BED2F7}.Release|Any CPU.ActiveCfg = Release|Any CPU
		{EB57A0EE-9032-41A9-958B-F6D806BED2F7}.Release|Any CPU.Build.0 = Release|Any CPU
		{25F19257-B8B3-4211-A962-4795DA9E2638}.Debug|Any CPU.ActiveCfg = Debug|Any CPU
		{25F19257-B8B3-4211-A962-4795DA9E2638}.Debug|Any CPU.Build.0 = Debug|Any CPU
		{25F19257-B8B3-4211-A962-4795DA9E2638}.Release|Any CPU.ActiveCfg = Release|Any CPU
		{25F19257-B8B3-4211-A962-4795DA9E2638}.Release|Any CPU.Build.0 = Release|Any CPU
		{3256688C-0D3E-4DBD-AB5F-8325538BAC2E}.Debug|Any CPU.ActiveCfg = Debug|Any CPU
		{3256688C-0D3E-4DBD-AB5F-8325538BAC2E}.Debug|Any CPU.Build.0 = Debug|Any CPU
		{3256688C-0D3E-4DBD-AB5F-8325538BAC2E}.Release|Any CPU.ActiveCfg = Release|Any CPU
		{3256688C-0D3E-4DBD-AB5F-8325538BAC2E}.Release|Any CPU.Build.0 = Release|Any CPU
		{E46084D4-FB63-4496-9F27-9AB1DF6D318C}.Debug|Any CPU.ActiveCfg = Debug|Any CPU
		{E46084D4-FB63-4496-9F27-9AB1DF6D318C}.Debug|Any CPU.Build.0 = Debug|Any CPU
		{E46084D4-FB63-4496-9F27-9AB1DF6D318C}.Release|Any CPU.ActiveCfg = Release|Any CPU
		{E46084D4-FB63-4496-9F27-9AB1DF6D318C}.Release|Any CPU.Build.0 = Release|Any CPU
		{8E50DCBA-039D-46CE-94EE-675997CE4DC3}.Debug|Any CPU.ActiveCfg = Debug|Any CPU
		{8E50DCBA-039D-46CE-94EE-675997CE4DC3}.Debug|Any CPU.Build.0 = Debug|Any CPU
		{8E50DCBA-039D-46CE-94EE-675997CE4DC3}.Release|Any CPU.ActiveCfg = Release|Any CPU
		{8E50DCBA-039D-46CE-94EE-675997CE4DC3}.Release|Any CPU.Build.0 = Release|Any CPU
	EndGlobalSection
	GlobalSection(SolutionProperties) = preSolution
		HideSolutionNode = FALSE
	EndGlobalSection
	GlobalSection(NestedProjects) = preSolution
		{04F2154D-B3B9-443D-B6C3-97D0E4643361} = {8487B2BC-8BFF-4B08-8930-CD63FACCCCAE}
		{7FE68ABA-35C9-4370-A6AF-19E8D470BFFB} = {8487B2BC-8BFF-4B08-8930-CD63FACCCCAE}
		{C16F7545-FD07-4477-A302-DCF3B613DE59} = {692649FF-B602-40C9-9448-B8AB091E964D}
		{F6AF2972-2265-447A-A183-B96C64784081} = {8487B2BC-8BFF-4B08-8930-CD63FACCCCAE}
		{EB57A0EE-9032-41A9-958B-F6D806BED2F7} = {E0D3009C-9BEA-46F2-A47C-117C3F5C754B}
		{25F19257-B8B3-4211-A962-4795DA9E2638} = {E0D3009C-9BEA-46F2-A47C-117C3F5C754B}
		{3256688C-0D3E-4DBD-AB5F-8325538BAC2E} = {E0D3009C-9BEA-46F2-A47C-117C3F5C754B}
		{E46084D4-FB63-4496-9F27-9AB1DF6D318C} = {E0D3009C-9BEA-46F2-A47C-117C3F5C754B}
		{8E50DCBA-039D-46CE-94EE-675997CE4DC3} = {E0D3009C-9BEA-46F2-A47C-117C3F5C754B}
	EndGlobalSection
	GlobalSection(ExtensibilityGlobals) = postSolution
		SolutionGuid = {738EA4CC-4DB5-40B8-BDED-5F610785DF7C}
	EndGlobalSection
EndGlobal
